// !$*UTF8*$!
{
	archiveVersion = 1;
	classes = {
	};
	objectVersion = 48;
	objects = {

/* Begin PBXBuildFile section */
		A1E019BC21113F6A00E0B5F3 /* AppDelegate.swift in Sources */ = {isa = PBXBuildFile; fileRef = A1E019BB21113F6A00E0B5F3 /* AppDelegate.swift */; };
		A1E019C121113F6A00E0B5F3 /* Main.storyboard in Resources */ = {isa = PBXBuildFile; fileRef = A1E019BF21113F6A00E0B5F3 /* Main.storyboard */; };
		A1E019C321113F6A00E0B5F3 /* Assets.xcassets in Resources */ = {isa = PBXBuildFile; fileRef = A1E019C221113F6A00E0B5F3 /* Assets.xcassets */; };
		A1E019C621113F6A00E0B5F3 /* LaunchScreen.storyboard in Resources */ = {isa = PBXBuildFile; fileRef = A1E019C421113F6A00E0B5F3 /* LaunchScreen.storyboard */; };
		A1E019D22111426200E0B5F3 /* Person.swift in Sources */ = {isa = PBXBuildFile; fileRef = A1E019D12111426200E0B5F3 /* Person.swift */; };
		A1E019D4211143B500E0B5F3 /* PersonVC.swift in Sources */ = {isa = PBXBuildFile; fileRef = A1E019D3211143B500E0B5F3 /* PersonVC.swift */; };
		A1E019D6211143E700E0B5F3 /* PersonDetailedVC.swift in Sources */ = {isa = PBXBuildFile; fileRef = A1E019D5211143E700E0B5F3 /* PersonDetailedVC.swift */; };
		A1E019D92111442700E0B5F3 /* PersonCell.swift in Sources */ = {isa = PBXBuildFile; fileRef = A1E019D72111442700E0B5F3 /* PersonCell.swift */; };
		A1E019DA2111442700E0B5F3 /* PersonCell.xib in Resources */ = {isa = PBXBuildFile; fileRef = A1E019D82111442700E0B5F3 /* PersonCell.xib */; };
/* End PBXBuildFile section */

/* Begin PBXFileReference section */
		A1E019B821113F6A00E0B5F3 /* SamplePerson.app */ = {isa = PBXFileReference; explicitFileType = wrapper.application; includeInIndex = 0; path = SamplePerson.app; sourceTree = BUILT_PRODUCTS_DIR; };
		A1E019BB21113F6A00E0B5F3 /* AppDelegate.swift */ = {isa = PBXFileReference; lastKnownFileType = sourcecode.swift; path = AppDelegate.swift; sourceTree = "<group>"; };
		A1E019C021113F6A00E0B5F3 /* Base */ = {isa = PBXFileReference; lastKnownFileType = file.storyboard; name = Base; path = Base.lproj/Main.storyboard; sourceTree = "<group>"; };
		A1E019C221113F6A00E0B5F3 /* Assets.xcassets */ = {isa = PBXFileReference; lastKnownFileType = folder.assetcatalog; path = Assets.xcassets; sourceTree = "<group>"; };
		A1E019C521113F6A00E0B5F3 /* Base */ = {isa = PBXFileReference; lastKnownFileType = file.storyboard; name = Base; path = Base.lproj/LaunchScreen.storyboard; sourceTree = "<group>"; };
		A1E019C721113F6A00E0B5F3 /* Info.plist */ = {isa = PBXFileReference; lastKnownFileType = text.plist.xml; path = Info.plist; sourceTree = "<group>"; };
		A1E019D12111426200E0B5F3 /* Person.swift */ = {isa = PBXFileReference; lastKnownFileType = sourcecode.swift; path = Person.swift; sourceTree = "<group>"; };
		A1E019D3211143B500E0B5F3 /* PersonVC.swift */ = {isa = PBXFileReference; lastKnownFileType = sourcecode.swift; path = PersonVC.swift; sourceTree = "<group>"; };
		A1E019D5211143E700E0B5F3 /* PersonDetailedVC.swift */ = {isa = PBXFileReference; lastKnownFileType = sourcecode.swift; path = PersonDetailedVC.swift; sourceTree = "<group>"; };
		A1E019D72111442700E0B5F3 /* PersonCell.swift */ = {isa = PBXFileReference; lastKnownFileType = sourcecode.swift; path = PersonCell.swift; sourceTree = "<group>"; };
		A1E019D82111442700E0B5F3 /* PersonCell.xib */ = {isa = PBXFileReference; lastKnownFileType = file.xib; path = PersonCell.xib; sourceTree = "<group>"; };
/* End PBXFileReference section */

/* Begin PBXFrameworksBuildPhase section */
		A1E019B521113F6A00E0B5F3 /* Frameworks */ = {
			isa = PBXFrameworksBuildPhase;
			buildActionMask = 2147483647;
			files = (
			);
			runOnlyForDeploymentPostprocessing = 0;
		};
/* End PBXFrameworksBuildPhase section */

/* Begin PBXGroup section */
		A1E019AF21113F6A00E0B5F3 = {
			isa = PBXGroup;
			children = (
				A1E019BA21113F6A00E0B5F3 /* SamplePerson */,
				A1E019B921113F6A00E0B5F3 /* Products */,
			);
			sourceTree = "<group>";
		};
		A1E019B921113F6A00E0B5F3 /* Products */ = {
			isa = PBXGroup;
			children = (
				A1E019B821113F6A00E0B5F3 /* SamplePerson.app */,
			);
			name = Products;
			sourceTree = "<group>";
		};
		A1E019BA21113F6A00E0B5F3 /* SamplePerson */ = {
			isa = PBXGroup;
			children = (
				A1E019CD211141FD00E0B5F3 /* Model */,
				A1E019CE2111421100E0B5F3 /* View */,
				A1E019CF2111421B00E0B5F3 /* Controller */,
				A1E019D02111422E00E0B5F3 /* Supporting Files */,
			);
			path = SamplePerson;
			sourceTree = "<group>";
		};
		A1E019CD211141FD00E0B5F3 /* Model */ = {
			isa = PBXGroup;
			children = (
				A1E019D12111426200E0B5F3 /* Person.swift */,
			);
			path = Model;
			sourceTree = "<group>";
		};
		A1E019CE2111421100E0B5F3 /* View */ = {
			isa = PBXGroup;
			children = (
				A1E019BF21113F6A00E0B5F3 /* Main.storyboard */,
				A1E019D82111442700E0B5F3 /* PersonCell.xib */,
			);
			path = View;
			sourceTree = "<group>";
		};
		A1E019CF2111421B00E0B5F3 /* Controller */ = {
			isa = PBXGroup;
			children = (
				A1E019BB21113F6A00E0B5F3 /* AppDelegate.swift */,
				A1E019D72111442700E0B5F3 /* PersonCell.swift */,
				A1E019D3211143B500E0B5F3 /* PersonVC.swift */,
				A1E019D5211143E700E0B5F3 /* PersonDetailedVC.swift */,
			);
			path = Controller;
			sourceTree = "<group>";
		};
		A1E019D02111422E00E0B5F3 /* Supporting Files */ = {
			isa = PBXGroup;
			children = (
				A1E019C721113F6A00E0B5F3 /* Info.plist */,
				A1E019C421113F6A00E0B5F3 /* LaunchScreen.storyboard */,
				A1E019C221113F6A00E0B5F3 /* Assets.xcassets */,
			);
			path = "Supporting Files";
			sourceTree = "<group>";
		};
/* End PBXGroup section */

/* Begin PBXNativeTarget section */
		A1E019B721113F6A00E0B5F3 /* SamplePerson */ = {
			isa = PBXNativeTarget;
			buildConfigurationList = A1E019CA21113F6A00E0B5F3 /* Build configuration list for PBXNativeTarget "SamplePerson" */;
			buildPhases = (
				A1E019B421113F6A00E0B5F3 /* Sources */,
				A1E019B521113F6A00E0B5F3 /* Frameworks */,
				A1E019B621113F6A00E0B5F3 /* Resources */,
			);
			buildRules = (
			);
			dependencies = (
			);
			name = SamplePerson;
			productName = SamplePerson;
			productReference = A1E019B821113F6A00E0B5F3 /* SamplePerson.app */;
			productType = "com.apple.product-type.application";
		};
/* End PBXNativeTarget section */

/* Begin PBXProject section */
		A1E019B021113F6A00E0B5F3 /* Project object */ = {
			isa = PBXProject;
			attributes = {
				LastSwiftUpdateCheck = 0920;
				LastUpgradeCheck = 0920;
				ORGANIZATIONNAME = bernardr;
				TargetAttributes = {
					A1E019B721113F6A00E0B5F3 = {
						CreatedOnToolsVersion = 9.2;
						ProvisioningStyle = Automatic;
					};
				};
			};
			buildConfigurationList = A1E019B321113F6A00E0B5F3 /* Build configuration list for PBXProject "SamplePerson" */;
			compatibilityVersion = "Xcode 8.0";
			developmentRegion = en;
			hasScannedForEncodings = 0;
			knownRegions = (
				en,
				Base,
			);
			mainGroup = A1E019AF21113F6A00E0B5F3;
			productRefGroup = A1E019B921113F6A00E0B5F3 /* Products */;
			projectDirPath = "";
			projectRoot = "";
			targets = (
				A1E019B721113F6A00E0B5F3 /* SamplePerson */,
			);
		};
/* End PBXProject section */

/* Begin PBXResourcesBuildPhase section */
		A1E019B621113F6A00E0B5F3 /* Resources */ = {
			isa = PBXResourcesBuildPhase;
			buildActionMask = 2147483647;
			files = (
				A1E019C621113F6A00E0B5F3 /* LaunchScreen.storyboard in Resources */,
				A1E019C321113F6A00E0B5F3 /* Assets.xcassets in Resources */,
				A1E019DA2111442700E0B5F3 /* PersonCell.xib in Resources */,
				A1E019C121113F6A00E0B5F3 /* Main.storyboard in Resources */,
			);
			runOnlyForDeploymentPostprocessing = 0;
		};
/* End PBXResourcesBuildPhase section */

/* Begin PBXSourcesBuildPhase section */
		A1E019B421113F6A00E0B5F3 /* Sources */ = {
			isa = PBXSourcesBuildPhase;
			buildActionMask = 2147483647;
			files = (
				A1E019D22111426200E0B5F3 /* Person.swift in Sources */,
				A1E019D92111442700E0B5F3 /* PersonCell.swift in Sources */,
				A1E019D6211143E700E0B5F3 /* PersonDetailedVC.swift in Sources */,
				A1E019BC21113F6A00E0B5F3 /* AppDelegate.swift in Sources */,
				A1E019D4211143B500E0B5F3 /* PersonVC.swift in Sources */,
			);
			runOnlyForDeploymentPostprocessing = 0;
		};
/* End PBXSourcesBuildPhase section */

/* Begin PBXVariantGroup section */
		A1E019BF21113F6A00E0B5F3 /* Main.storyboard */ = {
			isa = PBXVariantGroup;
			children = (
				A1E019C021113F6A00E0B5F3 /* Base */,
			);
			name = Main.storyboard;
			sourceTree = "<group>";
		};
		A1E019C421113F6A00E0B5F3 /* LaunchScreen.storyboard */ = {
			isa = PBXVariantGroup;
			children = (
				A1E019C521113F6A00E0B5F3 /* Base */,
			);
			name = LaunchScreen.storyboard;
			sourceTree = "<group>";
		};
/* End PBXVariantGroup section */

/* Begin XCBuildConfiguration section */
		A1E019C821113F6A00E0B5F3 /* Debug */ = {
			isa = XCBuildConfiguration;
			buildSettings = {
				ALWAYS_SEARCH_USER_PATHS = NO;
				CLANG_ANALYZER_NONNULL = YES;
				CLANG_ANALYZER_NUMBER_OBJECT_CONVERSION = YES_AGGRESSIVE;
				CLANG_CXX_LANGUAGE_STANDARD = "gnu++14";
				CLANG_CXX_LIBRARY = "libc++";
				CLANG_ENABLE_MODULES = YES;
				CLANG_ENABLE_OBJC_ARC = YES;
				CLANG_WARN_BLOCK_CAPTURE_AUTORELEASING = YES;
				CLANG_WARN_BOOL_CONVERSION = YES;
				CLANG_WARN_COMMA = YES;
				CLANG_WARN_CONSTANT_CONVERSION = YES;
				CLANG_WARN_DIRECT_OBJC_ISA_USAGE = YES_ERROR;
				CLANG_WARN_DOCUMENTATION_COMMENTS = YES;
				CLANG_WARN_EMPTY_BODY = YES;
				CLANG_WARN_ENUM_CONVERSION = YES;
				CLANG_WARN_INFINITE_RECURSION = YES;
				CLANG_WARN_INT_CONVERSION = YES;
				CLANG_WARN_NON_LITERAL_NULL_CONVERSION = YES;
				CLANG_WARN_OBJC_LITERAL_CONVERSION = YES;
				CLANG_WARN_OBJC_ROOT_CLASS = YES_ERROR;
				CLANG_WARN_RANGE_LOOP_ANALYSIS = YES;
				CLANG_WARN_STRICT_PROTOTYPES = YES;
				CLANG_WARN_SUSPICIOUS_MOVE = YES;
				CLANG_WARN_UNGUARDED_AVAILABILITY = YES_AGGRESSIVE;
				CLANG_WARN_UNREACHABLE_CODE = YES;
				CLANG_WARN__DUPLICATE_METHOD_MATCH = YES;
				CODE_SIGN_IDENTITY = "iPhone Developer";
				COPY_PHASE_STRIP = NO;
				DEBUG_INFORMATION_FORMAT = dwarf;
				ENABLE_STRICT_OBJC_MSGSEND = YES;
				ENABLE_TESTABILITY = YES;
				GCC_C_LANGUAGE_STANDARD = gnu11;
				GCC_DYNAMIC_NO_PIC = NO;
				GCC_NO_COMMON_BLOCKS = YES;
				GCC_OPTIMIZATION_LEVEL = 0;
				GCC_PREPROCESSOR_DEFINITIONS = (
					"DEBUG=1",
					"$(inherited)",
				);
				GCC_WARN_64_TO_32_BIT_CONVERSION = YES;
				GCC_WARN_ABOUT_RETURN_TYPE = YES_ERROR;
				GCC_WARN_UNDECLARED_SELECTOR = YES;
				GCC_WARN_UNINITIALIZED_AUTOS = YES_AGGRESSIVE;
				GCC_WARN_UNUSED_FUNCTION = YES;
				GCC_WARN_UNUSED_VARIABLE = YES;
				IPHONEOS_DEPLOYMENT_TARGET = 11.2;
				MTL_ENABLE_DEBUG_INFO = YES;
				ONLY_ACTIVE_ARCH = YES;
				SDKROOT = iphoneos;
				SWIFT_ACTIVE_COMPILATION_CONDITIONS = DEBUG;
				SWIFT_OPTIMIZATION_LEVEL = "-Onone";
			};
			name = Debug;
		};
		A1E019C921113F6A00E0B5F3 /* Release */ = {
			isa = XCBuildConfiguration;
			buildSettings = {
				ALWAYS_SEARCH_USER_PATHS = NO;
				CLANG_ANALYZER_NONNULL = YES;
				CLANG_ANALYZER_NUMBER_OBJECT_CONVERSION = YES_AGGRESSIVE;
				CLANG_CXX_LANGUAGE_STANDARD = "gnu++14";
				CLANG_CXX_LIBRARY = "libc++";
				CLANG_ENABLE_MODULES = YES;
				CLANG_ENABLE_OBJC_ARC = YES;
				CLANG_WARN_BLOCK_CAPTURE_AUTORELEASING = YES;
				CLANG_WARN_BOOL_CONVERSION = YES;
				CLANG_WARN_COMMA = YES;
				CLANG_WARN_CONSTANT_CONVERSION = YES;
				CLANG_WARN_DIRECT_OBJC_ISA_USAGE = YES_ERROR;
				CLANG_WARN_DOCUMENTATION_COMMENTS = YES;
				CLANG_WARN_EMPTY_BODY = YES;
				CLANG_WARN_ENUM_CONVERSION = YES;
				CLANG_WARN_INFINITE_RECURSION = YES;
				CLANG_WARN_INT_CONVERSION = YES;
				CLANG_WARN_NON_LITERAL_NULL_CONVERSION = YES;
				CLANG_WARN_OBJC_LITERAL_CONVERSION = YES;
				CLANG_WARN_OBJC_ROOT_CLASS = YES_ERROR;
				CLANG_WARN_RANGE_LOOP_ANALYSIS = YES;
				CLANG_WARN_STRICT_PROTOTYPES = YES;
				CLANG_WARN_SUSPICIOUS_MOVE = YES;
				CLANG_WARN_UNGUARDED_AVAILABILITY = YES_AGGRESSIVE;
				CLANG_WARN_UNREACHABLE_CODE = YES;
				CLANG_WARN__DUPLICATE_METHOD_MATCH = YES;
				CODE_SIGN_IDENTITY = "iPhone Developer";
				COPY_PHASE_STRIP = NO;
				DEBUG_INFORMATION_FORMAT = "dwarf-with-dsym";
				ENABLE_NS_ASSERTIONS = NO;
				ENABLE_STRICT_OBJC_MSGSEND = YES;
				GCC_C_LANGUAGE_STANDARD = gnu11;
				GCC_NO_COMMON_BLOCKS = YES;
				GCC_WARN_64_TO_32_BIT_CONVERSION = YES;
				GCC_WARN_ABOUT_RETURN_TYPE = YES_ERROR;
				GCC_WARN_UNDECLARED_SELECTOR = YES;
				GCC_WARN_UNINITIALIZED_AUTOS = YES_AGGRESSIVE;
				GCC_WARN_UNUSED_FUNCTION = YES;
				GCC_WARN_UNUSED_VARIABLE = YES;
				IPHONEOS_DEPLOYMENT_TARGET = 11.2;
				MTL_ENABLE_DEBUG_INFO = NO;
				SDKROOT = iphoneos;
				SWIFT_OPTIMIZATION_LEVEL = "-Owholemodule";
				VALIDATE_PRODUCT = YES;
			};
			name = Release;
		};
		A1E019CB21113F6A00E0B5F3 /* Debug */ = {
			isa = XCBuildConfiguration;
			buildSettings = {
				ASSETCATALOG_COMPILER_APPICON_NAME = AppIcon;
				CODE_SIGN_STYLE = Automatic;
				DEVELOPMENT_TEAM = 8G76KPTVLU;
				INFOPLIST_FILE = "SamplePerson/Supporting Files/Info.plist";
				LD_RUNPATH_SEARCH_PATHS = "$(inherited) @executable_path/Frameworks";
				PRODUCT_BUNDLE_IDENTIFIER = com.bernardR.SamplePerson;
				PRODUCT_NAME = "$(TARGET_NAME)";
				SWIFT_VERSION = 4.0;
				TARGETED_DEVICE_FAMILY = "1,2";
			};
			name = Debug;
		};
		A1E019CC21113F6A00E0B5F3 /* Release */ = {
			isa = XCBuildConfiguration;
			buildSettings = {
				ASSETCATALOG_COMPILER_APPICON_NAME = AppIcon;
				CODE_SIGN_STYLE = Automatic;
				DEVELOPMENT_TEAM = 8G76KPTVLU;
				INFOPLIST_FILE = "SamplePerson/Supporting Files/Info.plist";
				LD_RUNPATH_SEARCH_PATHS = "$(inherited) @executable_path/Frameworks";
				PRODUCT_BUNDLE_IDENTIFIER = com.bernardR.SamplePerson;
				PRODUCT_NAME = "$(TARGET_NAME)";
				SWIFT_VERSION = 4.0;
				TARGETED_DEVICE_FAMILY = "1,2";
			};
			name = Release;
		};
/* End XCBuildConfiguration section */

/* Begin XCConfigurationList section */
		A1E019B321113F6A00E0B5F3 /* Build configuration list for PBXProject "SamplePerson" */ = {
			isa = XCConfigurationList;
			buildConfigurations = (
				A1E019C821113F6A00E0B5F3 /* Debug */,
				A1E019C921113F6A00E0B5F3 /* Release */,
			);
			defaultConfigurationIsVisible = 0;
			defaultConfigurationName = Release;
		};
		A1E019CA21113F6A00E0B5F3 /* Build configuration list for PBXNativeTarget "SamplePerson" */ = {
			isa = XCConfigurationList;
			buildConfigurations = (
				A1E019CB21113F6A00E0B5F3 /* Debug */,
				A1E019CC21113F6A00E0B5F3 /* Release */,
			);
			defaultConfigurationIsVisible = 0;
			defaultConfigurationName = Release;
		};
/* End XCConfigurationList section */
	};
	rootObject = A1E019B021113F6A00E0B5F3 /* Project object */;
}
